
Microsoft Visual Studio Solution File, Format Version 12.00
# Visual Studio 2012
Project("{FAE04EC0-301F-11D3-BF4B-00C04F79EFBC}") = "DesignPatterns.Singleton", "DesignPatterns.Singleton\DesignPatterns.Singleton.csproj", "{907D1A23-F1C6-4E50-91AE-68499333D38C}"
EndProject
Project("{FAE04EC0-301F-11D3-BF4B-00C04F79EFBC}") = "DesignPatterns.Tests", "DesignPatterns.Tests\DesignPatterns.Tests.csproj", "{6F410A70-854A-4F48-8502-C2C792CCBF2D}"
EndProject
Project("{FAE04EC0-301F-11D3-BF4B-00C04F79EFBC}") = "DesignPatterns.Factory", "DesignPatterns.Factory\DesignPatterns.Factory.csproj", "{BCFDEB77-DC0F-4E64-9229-B415A9289BB3}"
EndProject
Project("{FAE04EC0-301F-11D3-BF4B-00C04F79EFBC}") = "DesignPrinciples.Ioc", "DesignPrinciples.Ioc\DesignPrinciples.Ioc.csproj", "{82A52BB4-FC60-4CBA-97BF-B95FB41DDA0B}"
EndProject
Project("{FAE04EC0-301F-11D3-BF4B-00C04F79EFBC}") = "DesignPatterns.Builder", "DesignPatterns.Builder\DesignPatterns.Builder.csproj", "{431C07C0-D2DB-4E98-9C4C-910199E5017B}"
EndProject
Global
	GlobalSection(SolutionConfigurationPlatforms) = preSolution
		Debug|Any CPU = Debug|Any CPU
		Release|Any CPU = Release|Any CPU
	EndGlobalSection
	GlobalSection(ProjectConfigurationPlatforms) = postSolution
		{907D1A23-F1C6-4E50-91AE-68499333D38C}.Debug|Any CPU.ActiveCfg = Debug|Any CPU
		{907D1A23-F1C6-4E50-91AE-68499333D38C}.Debug|Any CPU.Build.0 = Debug|Any CPU
		{907D1A23-F1C6-4E50-91AE-68499333D38C}.Release|Any CPU.ActiveCfg = Release|Any CPU
		{907D1A23-F1C6-4E50-91AE-68499333D38C}.Release|Any CPU.Build.0 = Release|Any CPU
		{6F410A70-854A-4F48-8502-C2C792CCBF2D}.Debug|Any CPU.ActiveCfg = Debug|Any CPU
		{6F410A70-854A-4F48-8502-C2C792CCBF2D}.Debug|Any CPU.Build.0 = Debug|Any CPU
		{6F410A70-854A-4F48-8502-C2C792CCBF2D}.Release|Any CPU.ActiveCfg = Release|Any CPU
		{6F410A70-854A-4F48-8502-C2C792CCBF2D}.Release|Any CPU.Build.0 = Release|Any CPU
		{BCFDEB77-DC0F-4E64-9229-B415A9289BB3}.Debug|Any CPU.ActiveCfg = Debug|Any CPU
		{BCFDEB77-DC0F-4E64-9229-B415A9289BB3}.Debug|Any CPU.Build.0 = Debug|Any CPU
		{BCFDEB77-DC0F-4E64-9229-B415A9289BB3}.Release|Any CPU.ActiveCfg = Release|Any CPU
		{BCFDEB77-DC0F-4E64-9229-B415A9289BB3}.Release|Any CPU.Build.0 = Release|Any CPU
		{82A52BB4-FC60-4CBA-97BF-B95FB41DDA0B}.Debug|Any CPU.ActiveCfg = Debug|Any CPU
		{82A52BB4-FC60-4CBA-97BF-B95FB41DDA0B}.Debug|Any CPU.Build.0 = Debug|Any CPU
		{82A52BB4-FC60-4CBA-97BF-B95FB41DDA0B}.Release|Any CPU.ActiveCfg = Release|Any CPU
		{82A52BB4-FC60-4CBA-97BF-B95FB41DDA0B}.Release|Any CPU.Build.0 = Release|Any CPU
		{431C07C0-D2DB-4E98-9C4C-910199E5017B}.Debug|Any CPU.ActiveCfg = Debug|Any CPU
		{431C07C0-D2DB-4E98-9C4C-910199E5017B}.Debug|Any CPU.Build.0 = Debug|Any CPU
		{431C07C0-D2DB-4E98-9C4C-910199E5017B}.Release|Any CPU.ActiveCfg = Release|Any CPU
		{431C07C0-D2DB-4E98-9C4C-910199E5017B}.Release|Any CPU.Build.0 = Release|Any CPU
	EndGlobalSection
	GlobalSection(SolutionProperties) = preSolution
		HideSolutionNode = FALSE
	EndGlobalSection
EndGlobal
